// !$*UTF8*$!
{
	archiveVersion = 1;
	classes = {
	};
	objectVersion = 54;
	objects = {

/* Begin PBXBuildFile section */
		141ECFFA22AF6EC6003104D5 /* AppDelegate.swift in Sources */ = {isa = PBXBuildFile; fileRef = 141ECFF922AF6EC6003104D5 /* AppDelegate.swift */; };
		141ECFFC22AF6EC6003104D5 /* ContentView.swift in Sources */ = {isa = PBXBuildFile; fileRef = 141ECFFB22AF6EC6003104D5 /* ContentView.swift */; };
		141ECFFE22AF6EC7003104D5 /* Assets.xcassets in Resources */ = {isa = PBXBuildFile; fileRef = 141ECFFD22AF6EC7003104D5 /* Assets.xcassets */; };
		141ED00122AF6EC7003104D5 /* Preview Assets.xcassets in Resources */ = {isa = PBXBuildFile; fileRef = 141ED00022AF6EC7003104D5 /* Preview Assets.xcassets */; };
		540E37F42B322DE3008DA128 /* Main.storyboard in Resources */ = {isa = PBXBuildFile; fileRef = 141ED00222AF6EC7003104D5 /* Main.storyboard */; };
		54162B792B32757500BF606C /* AppState.swift in Sources */ = {isa = PBXBuildFile; fileRef = 54162B782B32757500BF606C /* AppState.swift */; };
		541E167E2B33735E00E93E65 /* Schwifty in Frameworks */ = {isa = PBXBuildFile; productRef = 541E167D2B33735E00E93E65 /* Schwifty */; };
		54358CD62DB28ACA009ADC00 /* BackdropLayerView.swift in Sources */ = {isa = PBXBuildFile; fileRef = 54358CD32DB28ACA009ADC00 /* BackdropLayerView.swift */; };
		54358CD72DB28ACA009ADC00 /* BackdropLayerWrapper.swift in Sources */ = {isa = PBXBuildFile; fileRef = 54358CD42DB28ACA009ADC00 /* BackdropLayerWrapper.swift */; };
		5440DBC42DBC4A4800C6BD1D /* PreferencesView.swift in Sources */ = {isa = PBXBuildFile; fileRef = 5440DBC32DBC4A4300C6BD1D /* PreferencesView.swift */; };
		5440DBC62DBC547A00C6BD1D /* UserAgent.swift in Sources */ = {isa = PBXBuildFile; fileRef = 5440DBC52DBC547600C6BD1D /* UserAgent.swift */; };
		5440DBC82DBC5CA300C6BD1D /* Forms.swift in Sources */ = {isa = PBXBuildFile; fileRef = 5440DBC72DBC5C9A00C6BD1D /* Forms.swift */; };
		54488F192B320DB100A468E4 /* WindowController.swift in Sources */ = {isa = PBXBuildFile; fileRef = 54488F182B320DB100A468E4 /* WindowController.swift */; };
		54922DAF2B3356400062BDFD /* NavigationRequest.swift in Sources */ = {isa = PBXBuildFile; fileRef = 54922DAE2B3356400062BDFD /* NavigationRequest.swift */; };
		54922DB12B3359070062BDFD /* WebViewDelegate.swift in Sources */ = {isa = PBXBuildFile; fileRef = 54922DB02B3359070062BDFD /* WebViewDelegate.swift */; };
		54922DB32B3364430062BDFD /* SearchEngine.swift in Sources */ = {isa = PBXBuildFile; fileRef = 54922DB22B3364430062BDFD /* SearchEngine.swift */; };
		54922DB52B336E410062BDFD /* Dependencies.swift in Sources */ = {isa = PBXBuildFile; fileRef = 54922DB42B336E410062BDFD /* Dependencies.swift */; };
		54B1C7392B36264B00317B44 /* DominantColor.swift in Sources */ = {isa = PBXBuildFile; fileRef = 54B1C7382B36264B00317B44 /* DominantColor.swift */; };
		54B27F112DBB4A6A006C94B2 /* SharingButtonStyle.swift in Sources */ = {isa = PBXBuildFile; fileRef = 54B27F102DBB4A55006C94B2 /* SharingButtonStyle.swift */; };
		54B3C4D42B33962F00E33DB8 /* Swinject in Frameworks */ = {isa = PBXBuildFile; productRef = 54B3C4D32B33962F00E33DB8 /* Swinject */; };
		54BAAA8E2DBD5A07009EC049 /* RuntimeEvents.swift in Sources */ = {isa = PBXBuildFile; fileRef = 54BAAA8D2DBD5A02009EC049 /* RuntimeEvents.swift */; };
		54BAAA942DBDC0A6009EC049 /* WebView.swift in Sources */ = {isa = PBXBuildFile; fileRef = 54BAAA932DBDC0A6009EC049 /* WebView.swift */; };
		54BAAA982DBDCF79009EC049 /* Window.swift in Sources */ = {isa = PBXBuildFile; fileRef = 54BAAA972DBDCF76009EC049 /* Window.swift */; };
		54E7288F2CEBC3BA002E5E26 /* PlainTitleBarButtonStyle.swift in Sources */ = {isa = PBXBuildFile; fileRef = 54E7288E2CEBC3AF002E5E26 /* PlainTitleBarButtonStyle.swift */; };
		54F8DF3B2B37B19400EF2C26 /* JavaScriptUtils.swift in Sources */ = {isa = PBXBuildFile; fileRef = 54F8DF3A2B37B19400EF2C26 /* JavaScriptUtils.swift */; };
/* End PBXBuildFile section */

/* Begin PBXFileReference section */
		141ECFF622AF6EC6003104D5 /* FloatingBrowser.app */ = {isa = PBXFileReference; explicitFileType = wrapper.application; includeInIndex = 0; path = FloatingBrowser.app; sourceTree = BUILT_PRODUCTS_DIR; };
		141ECFF922AF6EC6003104D5 /* AppDelegate.swift */ = {isa = PBXFileReference; lastKnownFileType = sourcecode.swift; path = AppDelegate.swift; sourceTree = "<group>"; };
		141ECFFB22AF6EC6003104D5 /* ContentView.swift */ = {isa = PBXFileReference; lastKnownFileType = sourcecode.swift; path = ContentView.swift; sourceTree = "<group>"; };
		141ECFFD22AF6EC7003104D5 /* Assets.xcassets */ = {isa = PBXFileReference; lastKnownFileType = folder.assetcatalog; path = Assets.xcassets; sourceTree = "<group>"; };
		141ED00022AF6EC7003104D5 /* Preview Assets.xcassets */ = {isa = PBXFileReference; lastKnownFileType = folder.assetcatalog; path = "Preview Assets.xcassets"; sourceTree = "<group>"; };
		141ED00322AF6EC7003104D5 /* Base */ = {isa = PBXFileReference; lastKnownFileType = file.storyboard; name = Base; path = Base.lproj/Main.storyboard; sourceTree = "<group>"; };
		141ED00522AF6EC7003104D5 /* Info.plist */ = {isa = PBXFileReference; lastKnownFileType = text.plist.xml; path = Info.plist; sourceTree = "<group>"; };
		141ED00622AF6EC7003104D5 /* FloatingBrowser.entitlements */ = {isa = PBXFileReference; lastKnownFileType = text.plist.entitlements; path = FloatingBrowser.entitlements; sourceTree = "<group>"; };
		54162B782B32757500BF606C /* AppState.swift */ = {isa = PBXFileReference; lastKnownFileType = sourcecode.swift; path = AppState.swift; sourceTree = "<group>"; };
		54358CCE2DB28A34009ADC00 /* CABackdropLayer.h */ = {isa = PBXFileReference; lastKnownFileType = sourcecode.c.h; path = CABackdropLayer.h; sourceTree = "<group>"; };
		54358CCF2DB28A34009ADC00 /* CAFilter.h */ = {isa = PBXFileReference; lastKnownFileType = sourcecode.c.h; path = CAFilter.h; sourceTree = "<group>"; };
		54358CD02DB28A34009ADC00 /* CAPropertyInfo-Protocol.h */ = {isa = PBXFileReference; lastKnownFileType = sourcecode.c.h; path = "CAPropertyInfo-Protocol.h"; sourceTree = "<group>"; };
		54358CD12DB28A34009ADC00 /* FloatingBrowser-Bridging-Header.h */ = {isa = PBXFileReference; lastKnownFileType = sourcecode.c.h; path = "FloatingBrowser-Bridging-Header.h"; sourceTree = "<group>"; };
		54358CD32DB28ACA009ADC00 /* BackdropLayerView.swift */ = {isa = PBXFileReference; lastKnownFileType = sourcecode.swift; path = BackdropLayerView.swift; sourceTree = "<group>"; };
		54358CD42DB28ACA009ADC00 /* BackdropLayerWrapper.swift */ = {isa = PBXFileReference; lastKnownFileType = sourcecode.swift; path = BackdropLayerWrapper.swift; sourceTree = "<group>"; };
		5440DBC32DBC4A4300C6BD1D /* PreferencesView.swift */ = {isa = PBXFileReference; lastKnownFileType = sourcecode.swift; path = PreferencesView.swift; sourceTree = "<group>"; };
		5440DBC52DBC547600C6BD1D /* UserAgent.swift */ = {isa = PBXFileReference; lastKnownFileType = sourcecode.swift; path = UserAgent.swift; sourceTree = "<group>"; };
		5440DBC72DBC5C9A00C6BD1D /* Forms.swift */ = {isa = PBXFileReference; lastKnownFileType = sourcecode.swift; path = Forms.swift; sourceTree = "<group>"; };
		54488F182B320DB100A468E4 /* WindowController.swift */ = {isa = PBXFileReference; fileEncoding = 4; lastKnownFileType = sourcecode.swift; path = WindowController.swift; sourceTree = "<group>"; };
		54922DAE2B3356400062BDFD /* NavigationRequest.swift */ = {isa = PBXFileReference; lastKnownFileType = sourcecode.swift; path = NavigationRequest.swift; sourceTree = "<group>"; };
		54922DB02B3359070062BDFD /* WebViewDelegate.swift */ = {isa = PBXFileReference; lastKnownFileType = sourcecode.swift; path = WebViewDelegate.swift; sourceTree = "<group>"; };
		54922DB22B3364430062BDFD /* SearchEngine.swift */ = {isa = PBXFileReference; lastKnownFileType = sourcecode.swift; path = SearchEngine.swift; sourceTree = "<group>"; };
		54922DB42B336E410062BDFD /* Dependencies.swift */ = {isa = PBXFileReference; lastKnownFileType = sourcecode.swift; path = Dependencies.swift; sourceTree = "<group>"; };
		54B1C7382B36264B00317B44 /* DominantColor.swift */ = {isa = PBXFileReference; lastKnownFileType = sourcecode.swift; path = DominantColor.swift; sourceTree = "<group>"; };
		54B27F102DBB4A55006C94B2 /* SharingButtonStyle.swift */ = {isa = PBXFileReference; lastKnownFileType = sourcecode.swift; path = SharingButtonStyle.swift; sourceTree = "<group>"; };
		54BAAA8D2DBD5A02009EC049 /* RuntimeEvents.swift */ = {isa = PBXFileReference; lastKnownFileType = sourcecode.swift; path = RuntimeEvents.swift; sourceTree = "<group>"; };
		54BAAA932DBDC0A6009EC049 /* WebView.swift */ = {isa = PBXFileReference; lastKnownFileType = sourcecode.swift; path = WebView.swift; sourceTree = "<group>"; };
		54BAAA972DBDCF76009EC049 /* Window.swift */ = {isa = PBXFileReference; lastKnownFileType = sourcecode.swift; path = Window.swift; sourceTree = "<group>"; };
		54E7288E2CEBC3AF002E5E26 /* PlainTitleBarButtonStyle.swift */ = {isa = PBXFileReference; lastKnownFileType = sourcecode.swift; path = PlainTitleBarButtonStyle.swift; sourceTree = "<group>"; };
		54F8DF3A2B37B19400EF2C26 /* JavaScriptUtils.swift */ = {isa = PBXFileReference; lastKnownFileType = sourcecode.swift; path = JavaScriptUtils.swift; sourceTree = "<group>"; };
/* End PBXFileReference section */

/* Begin PBXFrameworksBuildPhase section */
		141ECFF322AF6EC6003104D5 /* Frameworks */ = {
			isa = PBXFrameworksBuildPhase;
			buildActionMask = 2147483647;
			files = (
				541E167E2B33735E00E93E65 /* Schwifty in Frameworks */,
				54B3C4D42B33962F00E33DB8 /* Swinject in Frameworks */,
			);
			runOnlyForDeploymentPostprocessing = 0;
		};
/* End PBXFrameworksBuildPhase section */

/* Begin PBXGroup section */
		141ECFED22AF6EC5003104D5 = {
			isa = PBXGroup;
			children = (
				141ECFF822AF6EC6003104D5 /* FloatingBrowser */,
				141ECFF722AF6EC6003104D5 /* Products */,
			);
			sourceTree = "<group>";
		};
		141ECFF722AF6EC6003104D5 /* Products */ = {
			isa = PBXGroup;
			children = (
				141ECFF622AF6EC6003104D5 /* FloatingBrowser.app */,
			);
			name = Products;
			sourceTree = "<group>";
		};
		141ECFF822AF6EC6003104D5 /* FloatingBrowser */ = {
			isa = PBXGroup;
			children = (
				54F31ADF2DB4754D00982DBC /* Bundle */,
				54358CD22DB28A34009ADC00 /* PrivateHeaders */,
				54358CD52DB28ACA009ADC00 /* Plugins */,
				54F8DF392B37B14D00EF2C26 /* Utils */,
				54162B772B32754600BF606C /* Model */,
				141ECFF922AF6EC6003104D5 /* AppDelegate.swift */,
				54922DB02B3359070062BDFD /* WebViewDelegate.swift */,
				54488F182B320DB100A468E4 /* WindowController.swift */,
				54BAAA932DBDC0A6009EC049 /* WebView.swift */,
				141ECFFB22AF6EC6003104D5 /* ContentView.swift */,
				5440DBC32DBC4A4300C6BD1D /* PreferencesView.swift */,
				5440DBC22DBC4A3000C6BD1D /* Styles */,
				141ECFFD22AF6EC7003104D5 /* Assets.xcassets */,
				141ED00222AF6EC7003104D5 /* Main.storyboard */,
				141ED00522AF6EC7003104D5 /* Info.plist */,
				141ED00622AF6EC7003104D5 /* FloatingBrowser.entitlements */,
				141ECFFF22AF6EC7003104D5 /* Preview Content */,
				54922DB42B336E410062BDFD /* Dependencies.swift */,
			);
			path = FloatingBrowser;
			sourceTree = "<group>";
		};
		141ECFFF22AF6EC7003104D5 /* Preview Content */ = {
			isa = PBXGroup;
			children = (
				141ED00022AF6EC7003104D5 /* Preview Assets.xcassets */,
			);
			path = "Preview Content";
			sourceTree = "<group>";
		};
		54162B772B32754600BF606C /* Model */ = {
			isa = PBXGroup;
			children = (
				54162B782B32757500BF606C /* AppState.swift */,
				54BAAA972DBDCF76009EC049 /* Window.swift */,
				54922DAE2B3356400062BDFD /* NavigationRequest.swift */,
				54922DB22B3364430062BDFD /* SearchEngine.swift */,
				5440DBC52DBC547600C6BD1D /* UserAgent.swift */,
				54B1C7382B36264B00317B44 /* DominantColor.swift */,
				54BAAA8D2DBD5A02009EC049 /* RuntimeEvents.swift */,
			);
			path = Model;
			sourceTree = "<group>";
		};
		54358CD22DB28A34009ADC00 /* PrivateHeaders */ = {
			isa = PBXGroup;
			children = (
				54358CCE2DB28A34009ADC00 /* CABackdropLayer.h */,
				54358CCF2DB28A34009ADC00 /* CAFilter.h */,
				54358CD02DB28A34009ADC00 /* CAPropertyInfo-Protocol.h */,
				54358CD12DB28A34009ADC00 /* FloatingBrowser-Bridging-Header.h */,
			);
			path = PrivateHeaders;
			sourceTree = "<group>";
		};
		54358CD52DB28ACA009ADC00 /* Plugins */ = {
			isa = PBXGroup;
			children = (
				54358CD32DB28ACA009ADC00 /* BackdropLayerView.swift */,
				54358CD42DB28ACA009ADC00 /* BackdropLayerWrapper.swift */,
			);
			path = Plugins;
			sourceTree = "<group>";
		};
		5440DBC22DBC4A3000C6BD1D /* Styles */ = {
			isa = PBXGroup;
			children = (
				54B27F102DBB4A55006C94B2 /* SharingButtonStyle.swift */,
				54E7288E2CEBC3AF002E5E26 /* PlainTitleBarButtonStyle.swift */,
			);
			path = Styles;
			sourceTree = "<group>";
		};
		54F31ADF2DB4754D00982DBC /* Bundle */ = {
			isa = PBXGroup;
			children = (
			);
			path = Bundle;
			sourceTree = "<group>";
		};
		54F8DF392B37B14D00EF2C26 /* Utils */ = {
			isa = PBXGroup;
			children = (
				5440DBC72DBC5C9A00C6BD1D /* Forms.swift */,
				54F8DF3A2B37B19400EF2C26 /* JavaScriptUtils.swift */,
			);
			path = Utils;
			sourceTree = "<group>";
		};
/* End PBXGroup section */

/* Begin PBXNativeTarget section */
		141ECFF522AF6EC6003104D5 /* FloatingBrowser */ = {
			isa = PBXNativeTarget;
			buildConfigurationList = 141ED00922AF6EC7003104D5 /* Build configuration list for PBXNativeTarget "FloatingBrowser" */;
			buildPhases = (
				141ECFF222AF6EC6003104D5 /* Sources */,
				141ECFF322AF6EC6003104D5 /* Frameworks */,
				141ECFF422AF6EC6003104D5 /* Resources */,
			);
			buildRules = (
			);
			dependencies = (
			);
			name = FloatingBrowser;
			packageProductDependencies = (
				541E167D2B33735E00E93E65 /* Schwifty */,
				54B3C4D32B33962F00E33DB8 /* Swinject */,
			);
			productName = FloatingBrowser;
			productReference = 141ECFF622AF6EC6003104D5 /* FloatingBrowser.app */;
			productType = "com.apple.product-type.application";
		};
/* End PBXNativeTarget section */

/* Begin PBXProject section */
		141ECFEE22AF6EC5003104D5 /* Project object */ = {
			isa = PBXProject;
			attributes = {
				LastSwiftUpdateCheck = 1100;
				LastUpgradeCheck = 1100;
				ORGANIZATIONNAME = "Andrew Finke";
				TargetAttributes = {
					141ECFF522AF6EC6003104D5 = {
						CreatedOnToolsVersion = 11.0;
					};
				};
			};
			buildConfigurationList = 141ECFF122AF6EC5003104D5 /* Build configuration list for PBXProject "FloatingBrowser" */;
			compatibilityVersion = "Xcode 9.3";
			developmentRegion = en;
			hasScannedForEncodings = 0;
			knownRegions = (
				en,
				Base,
			);
			mainGroup = 141ECFED22AF6EC5003104D5;
			packageReferences = (
				541E167C2B33735E00E93E65 /* XCRemoteSwiftPackageReference "Schwifty" */,
				54B3C4D22B33962F00E33DB8 /* XCRemoteSwiftPackageReference "Swinject" */,
			);
			productRefGroup = 141ECFF722AF6EC6003104D5 /* Products */;
			projectDirPath = "";
			projectRoot = "";
			targets = (
				141ECFF522AF6EC6003104D5 /* FloatingBrowser */,
			);
		};
/* End PBXProject section */

/* Begin PBXResourcesBuildPhase section */
		141ECFF422AF6EC6003104D5 /* Resources */ = {
			isa = PBXResourcesBuildPhase;
			buildActionMask = 2147483647;
			files = (
				540E37F42B322DE3008DA128 /* Main.storyboard in Resources */,
				141ED00122AF6EC7003104D5 /* Preview Assets.xcassets in Resources */,
				141ECFFE22AF6EC7003104D5 /* Assets.xcassets in Resources */,
			);
			runOnlyForDeploymentPostprocessing = 0;
		};
/* End PBXResourcesBuildPhase section */

/* Begin PBXSourcesBuildPhase section */
		141ECFF222AF6EC6003104D5 /* Sources */ = {
			isa = PBXSourcesBuildPhase;
			buildActionMask = 2147483647;
			files = (
				5440DBC42DBC4A4800C6BD1D /* PreferencesView.swift in Sources */,
				54E7288F2CEBC3BA002E5E26 /* PlainTitleBarButtonStyle.swift in Sources */,
				54488F192B320DB100A468E4 /* WindowController.swift in Sources */,
				141ECFFC22AF6EC6003104D5 /* ContentView.swift in Sources */,
				54922DB12B3359070062BDFD /* WebViewDelegate.swift in Sources */,
				5440DBC82DBC5CA300C6BD1D /* Forms.swift in Sources */,
				54BAAA8E2DBD5A07009EC049 /* RuntimeEvents.swift in Sources */,
				54B1C7392B36264B00317B44 /* DominantColor.swift in Sources */,
				54F8DF3B2B37B19400EF2C26 /* JavaScriptUtils.swift in Sources */,
				54922DB32B3364430062BDFD /* SearchEngine.swift in Sources */,
				5440DBC62DBC547A00C6BD1D /* UserAgent.swift in Sources */,
				54BAAA982DBDCF79009EC049 /* Window.swift in Sources */,
				54922DB52B336E410062BDFD /* Dependencies.swift in Sources */,
				141ECFFA22AF6EC6003104D5 /* AppDelegate.swift in Sources */,
				54BAAA942DBDC0A6009EC049 /* WebView.swift in Sources */,
				54358CD62DB28ACA009ADC00 /* BackdropLayerView.swift in Sources */,
				54B27F112DBB4A6A006C94B2 /* SharingButtonStyle.swift in Sources */,
				54358CD72DB28ACA009ADC00 /* BackdropLayerWrapper.swift in Sources */,
				54922DAF2B3356400062BDFD /* NavigationRequest.swift in Sources */,
				54162B792B32757500BF606C /* AppState.swift in Sources */,
			);
			runOnlyForDeploymentPostprocessing = 0;
		};
/* End PBXSourcesBuildPhase section */

/* Begin PBXVariantGroup section */
		141ED00222AF6EC7003104D5 /* Main.storyboard */ = {
			isa = PBXVariantGroup;
			children = (
				141ED00322AF6EC7003104D5 /* Base */,
			);
			name = Main.storyboard;
			sourceTree = "<group>";
		};
/* End PBXVariantGroup section */

/* Begin XCBuildConfiguration section */
		141ED00722AF6EC7003104D5 /* Debug */ = {
			isa = XCBuildConfiguration;
			buildSettings = {
				ALWAYS_SEARCH_USER_PATHS = NO;
				CLANG_ANALYZER_NONNULL = YES;
				CLANG_ANALYZER_NUMBER_OBJECT_CONVERSION = YES_AGGRESSIVE;
				CLANG_CXX_LANGUAGE_STANDARD = "gnu++14";
				CLANG_CXX_LIBRARY = "libc++";
				CLANG_ENABLE_MODULES = YES;
				CLANG_ENABLE_OBJC_ARC = YES;
				CLANG_ENABLE_OBJC_WEAK = YES;
				CLANG_WARN_BLOCK_CAPTURE_AUTORELEASING = YES;
				CLANG_WARN_BOOL_CONVERSION = YES;
				CLANG_WARN_COMMA = YES;
				CLANG_WARN_CONSTANT_CONVERSION = YES;
				CLANG_WARN_DEPRECATED_OBJC_IMPLEMENTATIONS = YES;
				CLANG_WARN_DIRECT_OBJC_ISA_USAGE = YES_ERROR;
				CLANG_WARN_DOCUMENTATION_COMMENTS = YES;
				CLANG_WARN_EMPTY_BODY = YES;
				CLANG_WARN_ENUM_CONVERSION = YES;
				CLANG_WARN_INFINITE_RECURSION = YES;
				CLANG_WARN_INT_CONVERSION = YES;
				CLANG_WARN_NON_LITERAL_NULL_CONVERSION = YES;
				CLANG_WARN_OBJC_IMPLICIT_RETAIN_SELF = YES;
				CLANG_WARN_OBJC_LITERAL_CONVERSION = YES;
				CLANG_WARN_OBJC_ROOT_CLASS = YES_ERROR;
				CLANG_WARN_RANGE_LOOP_ANALYSIS = YES;
				CLANG_WARN_STRICT_PROTOTYPES = YES;
				CLANG_WARN_SUSPICIOUS_MOVE = YES;
				CLANG_WARN_UNGUARDED_AVAILABILITY = YES_AGGRESSIVE;
				CLANG_WARN_UNREACHABLE_CODE = YES;
				CLANG_WARN__DUPLICATE_METHOD_MATCH = YES;
				COPY_PHASE_STRIP = NO;
				DEBUG_INFORMATION_FORMAT = dwarf;
				ENABLE_STRICT_OBJC_MSGSEND = YES;
				ENABLE_TESTABILITY = YES;
				GCC_C_LANGUAGE_STANDARD = gnu11;
				GCC_DYNAMIC_NO_PIC = NO;
				GCC_NO_COMMON_BLOCKS = YES;
				GCC_OPTIMIZATION_LEVEL = 0;
				GCC_PREPROCESSOR_DEFINITIONS = (
					"DEBUG=1",
					"$(inherited)",
				);
				GCC_WARN_64_TO_32_BIT_CONVERSION = YES;
				GCC_WARN_ABOUT_RETURN_TYPE = YES_ERROR;
				GCC_WARN_UNDECLARED_SELECTOR = YES;
				GCC_WARN_UNINITIALIZED_AUTOS = YES_AGGRESSIVE;
				GCC_WARN_UNUSED_FUNCTION = YES;
				GCC_WARN_UNUSED_VARIABLE = YES;
				MACOSX_DEPLOYMENT_TARGET = 13.0;
				MTL_ENABLE_DEBUG_INFO = INCLUDE_SOURCE;
				MTL_FAST_MATH = YES;
				ONLY_ACTIVE_ARCH = YES;
				SDKROOT = macosx;
				SWIFT_ACTIVE_COMPILATION_CONDITIONS = DEBUG;
				SWIFT_OPTIMIZATION_LEVEL = "-Onone";
			};
			name = Debug;
		};
		141ED00822AF6EC7003104D5 /* Release */ = {
			isa = XCBuildConfiguration;
			buildSettings = {
				ALWAYS_SEARCH_USER_PATHS = NO;
				CLANG_ANALYZER_NONNULL = YES;
				CLANG_ANALYZER_NUMBER_OBJECT_CONVERSION = YES_AGGRESSIVE;
				CLANG_CXX_LANGUAGE_STANDARD = "gnu++14";
				CLANG_CXX_LIBRARY = "libc++";
				CLANG_ENABLE_MODULES = YES;
				CLANG_ENABLE_OBJC_ARC = YES;
				CLANG_ENABLE_OBJC_WEAK = YES;
				CLANG_WARN_BLOCK_CAPTURE_AUTORELEASING = YES;
				CLANG_WARN_BOOL_CONVERSION = YES;
				CLANG_WARN_COMMA = YES;
				CLANG_WARN_CONSTANT_CONVERSION = YES;
				CLANG_WARN_DEPRECATED_OBJC_IMPLEMENTATIONS = YES;
				CLANG_WARN_DIRECT_OBJC_ISA_USAGE = YES_ERROR;
				CLANG_WARN_DOCUMENTATION_COMMENTS = YES;
				CLANG_WARN_EMPTY_BODY = YES;
				CLANG_WARN_ENUM_CONVERSION = YES;
				CLANG_WARN_INFINITE_RECURSION = YES;
				CLANG_WARN_INT_CONVERSION = YES;
				CLANG_WARN_NON_LITERAL_NULL_CONVERSION = YES;
				CLANG_WARN_OBJC_IMPLICIT_RETAIN_SELF = YES;
				CLANG_WARN_OBJC_LITERAL_CONVERSION = YES;
				CLANG_WARN_OBJC_ROOT_CLASS = YES_ERROR;
				CLANG_WARN_RANGE_LOOP_ANALYSIS = YES;
				CLANG_WARN_STRICT_PROTOTYPES = YES;
				CLANG_WARN_SUSPICIOUS_MOVE = YES;
				CLANG_WARN_UNGUARDED_AVAILABILITY = YES_AGGRESSIVE;
				CLANG_WARN_UNREACHABLE_CODE = YES;
				CLANG_WARN__DUPLICATE_METHOD_MATCH = YES;
				COPY_PHASE_STRIP = NO;
				DEBUG_INFORMATION_FORMAT = "dwarf-with-dsym";
				ENABLE_NS_ASSERTIONS = NO;
				ENABLE_STRICT_OBJC_MSGSEND = YES;
				GCC_C_LANGUAGE_STANDARD = gnu11;
				GCC_NO_COMMON_BLOCKS = YES;
				GCC_WARN_64_TO_32_BIT_CONVERSION = YES;
				GCC_WARN_ABOUT_RETURN_TYPE = YES_ERROR;
				GCC_WARN_UNDECLARED_SELECTOR = YES;
				GCC_WARN_UNINITIALIZED_AUTOS = YES_AGGRESSIVE;
				GCC_WARN_UNUSED_FUNCTION = YES;
				GCC_WARN_UNUSED_VARIABLE = YES;
				MACOSX_DEPLOYMENT_TARGET = 13.0;
				MTL_ENABLE_DEBUG_INFO = NO;
				MTL_FAST_MATH = YES;
				SDKROOT = macosx;
				SWIFT_COMPILATION_MODE = wholemodule;
				SWIFT_OPTIMIZATION_LEVEL = "-O";
			};
			name = Release;
		};
		141ED00A22AF6EC7003104D5 /* Debug */ = {
			isa = XCBuildConfiguration;
			buildSettings = {
				ASSETCATALOG_COMPILER_APPICON_NAME = AppIcon;
				CODE_SIGN_ENTITLEMENTS = FloatingBrowser/FloatingBrowser.entitlements;
				"CODE_SIGN_IDENTITY[sdk=macosx*]" = "-";
				CODE_SIGN_STYLE = Automatic;
				COMBINE_HIDPI_IMAGES = YES;
				DEVELOPMENT_ASSET_PATHS = "FloatingBrowser/Preview\\ Content";
				DEVELOPMENT_TEAM = "";
				ENABLE_HARDENED_RUNTIME = YES;
				ENABLE_PREVIEWS = YES;
				INFOPLIST_FILE = FloatingBrowser/Info.plist;
				LD_RUNPATH_SEARCH_PATHS = (
					"$(inherited)",
					"@executable_path/../Frameworks",
				);
				MACOSX_DEPLOYMENT_TARGET = 14.0;
				PRODUCT_BUNDLE_IDENTIFIER = com.andrewfinke.FloatingBrowser;
				PRODUCT_NAME = "$(TARGET_NAME)";
				SWIFT_OBJC_BRIDGING_HEADER = "$(SRCROOT)/FloatingBrowser/PrivateHeaders/FloatingBrowser-Bridging-Header.h";
				SWIFT_VERSION = 5.0;
			};
			name = Debug;
		};
		141ED00B22AF6EC7003104D5 /* Release */ = {
			isa = XCBuildConfiguration;
			buildSettings = {
				ASSETCATALOG_COMPILER_APPICON_NAME = AppIcon;
				CODE_SIGN_ENTITLEMENTS = FloatingBrowser/FloatingBrowser.entitlements;
				"CODE_SIGN_IDENTITY[sdk=macosx*]" = "-";
				CODE_SIGN_STYLE = Automatic;
				COMBINE_HIDPI_IMAGES = YES;
				DEVELOPMENT_ASSET_PATHS = "FloatingBrowser/Preview\\ Content";
				DEVELOPMENT_TEAM = "";
				ENABLE_HARDENED_RUNTIME = YES;
				ENABLE_PREVIEWS = YES;
				INFOPLIST_FILE = FloatingBrowser/Info.plist;
				LD_RUNPATH_SEARCH_PATHS = (
					"$(inherited)",
					"@executable_path/../Frameworks",
				);
				MACOSX_DEPLOYMENT_TARGET = 14.0;
				PRODUCT_BUNDLE_IDENTIFIER = com.andrewfinke.FloatingBrowser;
				PRODUCT_NAME = "$(TARGET_NAME)";
				SWIFT_OBJC_BRIDGING_HEADER = "$(SRCROOT)/FloatingBrowser/PrivateHeaders/FloatingBrowser-Bridging-Header.h";
				SWIFT_VERSION = 5.0;
			};
			name = Release;
		};
/* End XCBuildConfiguration section */

/* Begin XCConfigurationList section */
		141ECFF122AF6EC5003104D5 /* Build configuration list for PBXProject "FloatingBrowser" */ = {
			isa = XCConfigurationList;
			buildConfigurations = (
				141ED00722AF6EC7003104D5 /* Debug */,
				141ED00822AF6EC7003104D5 /* Release */,
			);
			defaultConfigurationIsVisible = 0;
			defaultConfigurationName = Release;
		};
		141ED00922AF6EC7003104D5 /* Build configuration list for PBXNativeTarget "FloatingBrowser" */ = {
			isa = XCConfigurationList;
			buildConfigurations = (
				141ED00A22AF6EC7003104D5 /* Debug */,
				141ED00B22AF6EC7003104D5 /* Release */,
			);
			defaultConfigurationIsVisible = 0;
			defaultConfigurationName = Release;
		};
/* End XCConfigurationList section */

/* Begin XCRemoteSwiftPackageReference section */
		541E167C2B33735E00E93E65 /* XCRemoteSwiftPackageReference "Schwifty" */ = {
			isa = XCRemoteSwiftPackageReference;
			repositoryURL = "https://github.com/curzel-it/Schwifty.git";
			requirement = {
				kind = upToNextMajorVersion;
				minimumVersion = 1.2.1;
			};
		};
		54B3C4D22B33962F00E33DB8 /* XCRemoteSwiftPackageReference "Swinject" */ = {
			isa = XCRemoteSwiftPackageReference;
			repositoryURL = "https://github.com/Swinject/Swinject.git";
			requirement = {
				kind = upToNextMajorVersion;
				minimumVersion = 2.8.4;
			};
		};
/* End XCRemoteSwiftPackageReference section */

/* Begin XCSwiftPackageProductDependency section */
		541E167D2B33735E00E93E65 /* Schwifty */ = {
			isa = XCSwiftPackageProductDependency;
			package = 541E167C2B33735E00E93E65 /* XCRemoteSwiftPackageReference "Schwifty" */;
			productName = Schwifty;
		};
		54B3C4D32B33962F00E33DB8 /* Swinject */ = {
			isa = XCSwiftPackageProductDependency;
			package = 54B3C4D22B33962F00E33DB8 /* XCRemoteSwiftPackageReference "Swinject" */;
			productName = Swinject;
		};
/* End XCSwiftPackageProductDependency section */
	};
	rootObject = 141ECFEE22AF6EC5003104D5 /* Project object */;
}
